{
  "name": "gris-mailer",
  "version": "1.0.0",
  "lockfileVersion": 2,
  "requires": true,
  "packages": {
    "": {
      "name": "gris-mailer",
      "version": "1.0.0",
      "license": "MIT",
      "dependencies": {
        "nodemailer": "^6.6.0"
      }
    },
    "node_modules/nodemailer": {
      "version": "6.6.0",
      "resolved": "https://registry.nlark.com/nodemailer/download/nodemailer-6.6.0.tgz",
      "integrity": "sha1-7Ue7VytI2dDco5E/3BViA/Q49Cc=",
      "engines": {
        "node": ">=6.0.0"
      }
    }
  },
  "dependencies": {
    "nodemailer": {
      "version": "6.6.0",
      "resolved": "https://registry.nlark.com/nodemailer/download/nodemailer-6.6.0.tgz",
      "integrity": "sha1-7Ue7VytI2dDco5E/3BViA/Q49Cc="
    }
  }
}
